
Microsoft Visual Studio Solution File, Format Version 12.00
# Visual Studio Version 17
VisualStudioVersion = 17.6.33829.357
MinimumVisualStudioVersion = 10.0.40219.1
Project("{FAE04EC0-301F-11D3-BF4B-00C04F79EFBC}") = "DemoCiclos", "DemoCiclos.csproj", "{1D755B60-0DD3-47D6-9A5D-F4EA1A109CCD}"
EndProject
Global
	GlobalSection(SolutionConfigurationPlatforms) = preSolution
		Debug|Any CPU = Debug|Any CPU
		Release|Any CPU = Release|Any CPU
	EndGlobalSection
	GlobalSection(ProjectConfigurationPlatforms) = postSolution
		{1D755B60-0DD3-47D6-9A5D-F4EA1A109CCD}.Debug|Any CPU.ActiveCfg = Debug|Any CPU
		{1D755B60-0DD3-47D6-9A5D-F4EA1A109CCD}.Debug|Any CPU.Build.0 = Debug|Any CPU
		{1D755B60-0DD3-47D6-9A5D-F4EA1A109CCD}.Release|Any CPU.ActiveCfg = Release|Any CPU
		{1D755B60-0DD3-47D6-9A5D-F4EA1A109CCD}.Release|Any CPU.Build.0 = Release|Any CPU
	EndGlobalSection
	GlobalSection(SolutionProperties) = preSolution
		HideSolutionNode = FALSE
	EndGlobalSection
	GlobalSection(ExtensibilityGlobals) = postSolution
		SolutionGuid = {9FAD2F0D-DE1B-4D9C-8553-72CE160ADEED}
	EndGlobalSection
EndGlobal
